
Microsoft Visual Studio Solution File, Format Version 12.00
# Visual Studio Version 16
VisualStudioVersion = 16.0.31613.86
MinimumVisualStudioVersion = 10.0.40219.1
Project("{FAE04EC0-301F-11D3-BF4B-00C04F79EFBC}") = "MathGraphix", "MathGraphix\MathGraphix.csproj", "{C82FEE71-5492-4457-8686-7BDE90EB2ACA}"
EndProject
Project("{FAE04EC0-301F-11D3-BF4B-00C04F79EFBC}") = "MathGraphix.Library", "MathGraphix.Library\MathGraphix.Library.csproj", "{B8C8E91B-A6C4-4BE0-BBBF-AB29A195F725}"
EndProject
Global
	GlobalSection(SolutionConfigurationPlatforms) = preSolution
		Debug|Any CPU = Debug|Any CPU
		Release|Any CPU = Release|Any CPU
	EndGlobalSection
	GlobalSection(ProjectConfigurationPlatforms) = postSolution
		{C82FEE71-5492-4457-8686-7BDE90EB2ACA}.Debug|Any CPU.ActiveCfg = Debug|Any CPU
		{C82FEE71-5492-4457-8686-7BDE90EB2ACA}.Debug|Any CPU.Build.0 = Debug|Any CPU
		{C82FEE71-5492-4457-8686-7BDE90EB2ACA}.Release|Any CPU.ActiveCfg = Release|Any CPU
		{C82FEE71-5492-4457-8686-7BDE90EB2ACA}.Release|Any CPU.Build.0 = Release|Any CPU
		{B8C8E91B-A6C4-4BE0-BBBF-AB29A195F725}.Debug|Any CPU.ActiveCfg = Debug|Any CPU
		{B8C8E91B-A6C4-4BE0-BBBF-AB29A195F725}.Debug|Any CPU.Build.0 = Debug|Any CPU
		{B8C8E91B-A6C4-4BE0-BBBF-AB29A195F725}.Release|Any CPU.ActiveCfg = Release|Any CPU
		{B8C8E91B-A6C4-4BE0-BBBF-AB29A195F725}.Release|Any CPU.Build.0 = Release|Any CPU
	EndGlobalSection
	GlobalSection(SolutionProperties) = preSolution
		HideSolutionNode = FALSE
	EndGlobalSection
	GlobalSection(ExtensibilityGlobals) = postSolution
		SolutionGuid = {3A2667D7-CB4D-4D4E-AD78-142D711845A4}
	EndGlobalSection
EndGlobal
